
Microsoft Visual Studio Solution File, Format Version 12.00
# Visual Studio Version 17
VisualStudioVersion = 17.3.32804.467
MinimumVisualStudioVersion = 10.0.40219.1
Project("{FAE04EC0-301F-11D3-BF4B-00C04F79EFBC}") = "WeatherService", "WeatherService\WeatherService.csproj", "{C586321E-32D0-4787-995B-3E1195A826C4}"
EndProject
Project("{FAE04EC0-301F-11D3-BF4B-00C04F79EFBC}") = "WeatherModels", "WeatherModels\WeatherModels.csproj", "{63A0EA79-2384-474E-919F-9BE614496769}"
EndProject
Project("{FAE04EC0-301F-11D3-BF4B-00C04F79EFBC}") = "WpfWeather", "WpfWeather\WpfWeather.csproj", "{5C7264AC-FB27-4D31-BDE9-96B08EC20825}"
EndProject
Global
	GlobalSection(SolutionConfigurationPlatforms) = preSolution
		Debug|Any CPU = Debug|Any CPU
		Release|Any CPU = Release|Any CPU
	EndGlobalSection
	GlobalSection(ProjectConfigurationPlatforms) = postSolution
		{C586321E-32D0-4787-995B-3E1195A826C4}.Debug|Any CPU.ActiveCfg = Debug|Any CPU
		{C586321E-32D0-4787-995B-3E1195A826C4}.Debug|Any CPU.Build.0 = Debug|Any CPU
		{C586321E-32D0-4787-995B-3E1195A826C4}.Release|Any CPU.ActiveCfg = Release|Any CPU
		{C586321E-32D0-4787-995B-3E1195A826C4}.Release|Any CPU.Build.0 = Release|Any CPU
		{63A0EA79-2384-474E-919F-9BE614496769}.Debug|Any CPU.ActiveCfg = Debug|Any CPU
		{63A0EA79-2384-474E-919F-9BE614496769}.Debug|Any CPU.Build.0 = Debug|Any CPU
		{63A0EA79-2384-474E-919F-9BE614496769}.Release|Any CPU.ActiveCfg = Release|Any CPU
		{63A0EA79-2384-474E-919F-9BE614496769}.Release|Any CPU.Build.0 = Release|Any CPU
		{5C7264AC-FB27-4D31-BDE9-96B08EC20825}.Debug|Any CPU.ActiveCfg = Debug|Any CPU
		{5C7264AC-FB27-4D31-BDE9-96B08EC20825}.Debug|Any CPU.Build.0 = Debug|Any CPU
		{5C7264AC-FB27-4D31-BDE9-96B08EC20825}.Release|Any CPU.ActiveCfg = Release|Any CPU
		{5C7264AC-FB27-4D31-BDE9-96B08EC20825}.Release|Any CPU.Build.0 = Release|Any CPU
	EndGlobalSection
	GlobalSection(SolutionProperties) = preSolution
		HideSolutionNode = FALSE
	EndGlobalSection
	GlobalSection(ExtensibilityGlobals) = postSolution
		SolutionGuid = {45356B75-D461-428D-BC63-57CE1CF6891B}
	EndGlobalSection
EndGlobal
